
Microsoft Visual Studio Solution File, Format Version 12.00
# Visual Studio Version 17
VisualStudioVersion = 17.11.35327.3
MinimumVisualStudioVersion = 10.0.40219.1
Project("{2150E333-8FDC-42A3-9474-1A3956D46DE8}") = "Application", "Application", "{5652C911-A68C-4C74-B90C-977D892A64AF}"
EndProject
Project("{2150E333-8FDC-42A3-9474-1A3956D46DE8}") = "src", "src", "{45B3DFFC-C741-4C08-98E2-42C68B07423C}"
EndProject
Project("{2150E333-8FDC-42A3-9474-1A3956D46DE8}") = "Presentation", "Presentation", "{41B38BD7-5137-4759-BF2B-DFF7C2463DCA}"
EndProject
Project("{2150E333-8FDC-42A3-9474-1A3956D46DE8}") = "Infrastructure", "Infrastructure", "{A4B699F3-1B47-4622-A16B-B87D0980157D}"
EndProject
Project("{9A19103F-16F7-4668-BE54-9A1E7A4F7556}") = "GameControllerForZwift", "src\Presentation\GameControllerForZwift\GameControllerForZwift.csproj", "{954117B3-216E-45C6-8B05-CE6B18219E78}"
EndProject
Project("{2150E333-8FDC-42A3-9474-1A3956D46DE8}") = "tests", "tests", "{E2346F87-81E2-49F2-BE60-F7205F5BE468}"
EndProject
Project("{2150E333-8FDC-42A3-9474-1A3956D46DE8}") = "Infrastructure", "Infrastructure", "{A26D571D-DD8E-4858-AA4C-B44EB2407E92}"
EndProject
Project("{2150E333-8FDC-42A3-9474-1A3956D46DE8}") = "Presentation", "Presentation", "{7CBC7254-F8CE-46A5-B9E3-FB536D38BDAC}"
EndProject
Project("{9A19103F-16F7-4668-BE54-9A1E7A4F7556}") = "GameControllerForZwift.Core", "src\Application\GameControllerForZwift.Core\GameControllerForZwift.Core.csproj", "{6C490C65-FDA4-40A3-AC85-49C1560A13A1}"
EndProject
Project("{9A19103F-16F7-4668-BE54-9A1E7A4F7556}") = "GameControllerForZwift.Gamepad", "src\Infrastructure\GameControllerForZwift.Gamepad\GameControllerForZwift.Gamepad.csproj", "{43D7D855-A246-4DF7-943F-9882FEEE3E18}"
EndProject
Project("{9A19103F-16F7-4668-BE54-9A1E7A4F7556}") = "GameControllerForZwift.Tests", "tests\GameControllerForZwift.Tests\GameControllerForZwift.Tests.csproj", "{7B0C849C-17B4-46D6-9040-CA69E0CA094C}"
EndProject
Project("{9A19103F-16F7-4668-BE54-9A1E7A4F7556}") = "GameControllerForZwift.Keyboard", "src\Infrastructure\GameControllerForZwift.Keyboard\GameControllerForZwift.Keyboard.csproj", "{33614972-B93F-4DC9-8A75-152DCE9B7286}"
EndProject
Project("{9A19103F-16F7-4668-BE54-9A1E7A4F7556}") = "GameControllerForZwift.Gamepad.Tests", "tests\GameControllerForZwift.Gamepad.Tests\GameControllerForZwift.Gamepad.Tests.csproj", "{79BA6EC7-5D9D-40FD-80A9-C6F82804B5DC}"
EndProject
Project("{2150E333-8FDC-42A3-9474-1A3956D46DE8}") = "Application", "Application", "{F43A297B-8852-46F0-8FEF-EA6B5B83FD20}"
EndProject
Project("{FAE04EC0-301F-11D3-BF4B-00C04F79EFBC}") = "GameControllerForZwift.Core.Tests", "tests\GameControllerForZwift.Core.Tests\GameControllerForZwift.Core.Tests.csproj", "{184ECFD4-5FD2-4EA9-8664-963C76B8C2A9}"
EndProject
Project("{FAE04EC0-301F-11D3-BF4B-00C04F79EFBC}") = "GameControllerForZwift.Keyboard.Tests", "tests\GameControllerForZwift.Keyboard.Tests\GameControllerForZwift.Keyboard.Tests.csproj", "{F40082C9-C618-41D2-900D-3E4E6BE82080}"
EndProject
Global
	GlobalSection(SolutionConfigurationPlatforms) = preSolution
		Debug|Any CPU = Debug|Any CPU
		Release|Any CPU = Release|Any CPU
	EndGlobalSection
	GlobalSection(ProjectConfigurationPlatforms) = postSolution
		{954117B3-216E-45C6-8B05-CE6B18219E78}.Debug|Any CPU.ActiveCfg = Debug|Any CPU
		{954117B3-216E-45C6-8B05-CE6B18219E78}.Debug|Any CPU.Build.0 = Debug|Any CPU
		{954117B3-216E-45C6-8B05-CE6B18219E78}.Release|Any CPU.ActiveCfg = Release|Any CPU
		{954117B3-216E-45C6-8B05-CE6B18219E78}.Release|Any CPU.Build.0 = Release|Any CPU
		{6C490C65-FDA4-40A3-AC85-49C1560A13A1}.Debug|Any CPU.ActiveCfg = Debug|Any CPU
		{6C490C65-FDA4-40A3-AC85-49C1560A13A1}.Debug|Any CPU.Build.0 = Debug|Any CPU
		{6C490C65-FDA4-40A3-AC85-49C1560A13A1}.Release|Any CPU.ActiveCfg = Release|Any CPU
		{6C490C65-FDA4-40A3-AC85-49C1560A13A1}.Release|Any CPU.Build.0 = Release|Any CPU
		{43D7D855-A246-4DF7-943F-9882FEEE3E18}.Debug|Any CPU.ActiveCfg = Debug|Any CPU
		{43D7D855-A246-4DF7-943F-9882FEEE3E18}.Debug|Any CPU.Build.0 = Debug|Any CPU
		{43D7D855-A246-4DF7-943F-9882FEEE3E18}.Release|Any CPU.ActiveCfg = Release|Any CPU
		{43D7D855-A246-4DF7-943F-9882FEEE3E18}.Release|Any CPU.Build.0 = Release|Any CPU
		{7B0C849C-17B4-46D6-9040-CA69E0CA094C}.Debug|Any CPU.ActiveCfg = Debug|Any CPU
		{7B0C849C-17B4-46D6-9040-CA69E0CA094C}.Debug|Any CPU.Build.0 = Debug|Any CPU
		{7B0C849C-17B4-46D6-9040-CA69E0CA094C}.Release|Any CPU.ActiveCfg = Release|Any CPU
		{7B0C849C-17B4-46D6-9040-CA69E0CA094C}.Release|Any CPU.Build.0 = Release|Any CPU
		{33614972-B93F-4DC9-8A75-152DCE9B7286}.Debug|Any CPU.ActiveCfg = Debug|Any CPU
		{33614972-B93F-4DC9-8A75-152DCE9B7286}.Debug|Any CPU.Build.0 = Debug|Any CPU
		{33614972-B93F-4DC9-8A75-152DCE9B7286}.Release|Any CPU.ActiveCfg = Release|Any CPU
		{33614972-B93F-4DC9-8A75-152DCE9B7286}.Release|Any CPU.Build.0 = Release|Any CPU
		{79BA6EC7-5D9D-40FD-80A9-C6F82804B5DC}.Debug|Any CPU.ActiveCfg = Debug|Any CPU
		{79BA6EC7-5D9D-40FD-80A9-C6F82804B5DC}.Debug|Any CPU.Build.0 = Debug|Any CPU
		{79BA6EC7-5D9D-40FD-80A9-C6F82804B5DC}.Release|Any CPU.ActiveCfg = Release|Any CPU
		{79BA6EC7-5D9D-40FD-80A9-C6F82804B5DC}.Release|Any CPU.Build.0 = Release|Any CPU
		{184ECFD4-5FD2-4EA9-8664-963C76B8C2A9}.Debug|Any CPU.ActiveCfg = Debug|Any CPU
		{184ECFD4-5FD2-4EA9-8664-963C76B8C2A9}.Debug|Any CPU.Build.0 = Debug|Any CPU
		{184ECFD4-5FD2-4EA9-8664-963C76B8C2A9}.Release|Any CPU.ActiveCfg = Release|Any CPU
		{184ECFD4-5FD2-4EA9-8664-963C76B8C2A9}.Release|Any CPU.Build.0 = Release|Any CPU
		{F40082C9-C618-41D2-900D-3E4E6BE82080}.Debug|Any CPU.ActiveCfg = Debug|Any CPU
		{F40082C9-C618-41D2-900D-3E4E6BE82080}.Debug|Any CPU.Build.0 = Debug|Any CPU
		{F40082C9-C618-41D2-900D-3E4E6BE82080}.Release|Any CPU.ActiveCfg = Release|Any CPU
		{F40082C9-C618-41D2-900D-3E4E6BE82080}.Release|Any CPU.Build.0 = Release|Any CPU
	EndGlobalSection
	GlobalSection(SolutionProperties) = preSolution
		HideSolutionNode = FALSE
	EndGlobalSection
	GlobalSection(NestedProjects) = preSolution
		{5652C911-A68C-4C74-B90C-977D892A64AF} = {45B3DFFC-C741-4C08-98E2-42C68B07423C}
		{41B38BD7-5137-4759-BF2B-DFF7C2463DCA} = {45B3DFFC-C741-4C08-98E2-42C68B07423C}
		{A4B699F3-1B47-4622-A16B-B87D0980157D} = {45B3DFFC-C741-4C08-98E2-42C68B07423C}
		{954117B3-216E-45C6-8B05-CE6B18219E78} = {41B38BD7-5137-4759-BF2B-DFF7C2463DCA}
		{A26D571D-DD8E-4858-AA4C-B44EB2407E92} = {E2346F87-81E2-49F2-BE60-F7205F5BE468}
		{7CBC7254-F8CE-46A5-B9E3-FB536D38BDAC} = {E2346F87-81E2-49F2-BE60-F7205F5BE468}
		{6C490C65-FDA4-40A3-AC85-49C1560A13A1} = {5652C911-A68C-4C74-B90C-977D892A64AF}
		{43D7D855-A246-4DF7-943F-9882FEEE3E18} = {A4B699F3-1B47-4622-A16B-B87D0980157D}
		{7B0C849C-17B4-46D6-9040-CA69E0CA094C} = {7CBC7254-F8CE-46A5-B9E3-FB536D38BDAC}
		{33614972-B93F-4DC9-8A75-152DCE9B7286} = {A4B699F3-1B47-4622-A16B-B87D0980157D}
		{79BA6EC7-5D9D-40FD-80A9-C6F82804B5DC} = {A26D571D-DD8E-4858-AA4C-B44EB2407E92}
		{F43A297B-8852-46F0-8FEF-EA6B5B83FD20} = {E2346F87-81E2-49F2-BE60-F7205F5BE468}
		{184ECFD4-5FD2-4EA9-8664-963C76B8C2A9} = {F43A297B-8852-46F0-8FEF-EA6B5B83FD20}
		{F40082C9-C618-41D2-900D-3E4E6BE82080} = {A26D571D-DD8E-4858-AA4C-B44EB2407E92}
	EndGlobalSection
	GlobalSection(ExtensibilityGlobals) = postSolution
		SolutionGuid = {EF0E7AD0-FDA6-4F93-B78A-B07984BD96C9}
	EndGlobalSection
EndGlobal
